# -------------------------------------------------------------------------- #
#
# Copyright (C) 2025  Altera Corporation. All rights reserved.
# Your use of Altera Corporation's design tools, logic functions 
# and other software and tools, and any partner logic 
# functions, and any output files from any of the foregoing 
# (including device programming or simulation files), and any 
# associated documentation or information are expressly subject 
# to the terms and conditions of the Altera Program License 
# Subscription Agreement, the Altera Quartus Prime License Agreement,
# the Altera IP License Agreement, or other applicable license
# agreement, including, without limitation, that your use is for
# the sole purpose of programming logic devices manufactured by
# Altera and sold by Altera or its authorized distributors.  Please
# refer to the Altera Software License Subscription Agreements 
# on the Quartus Prime software download page.
#
# -------------------------------------------------------------------------- #
#
# Quartus Prime
# Version 25.1std.0 Build 1129 10/21/2025 SC Lite Edition
# Date created = 10:28:38  August 24, 2026
#
# -------------------------------------------------------------------------- #
#
# Notes:
#
# 1) The default values for assignments are stored in the file:
#		probe_defaults_assignment_defaults.qdf
#    If this file doesn't exist, see file:
#		assignment_defaults.qdf
#
# 2) Intel recommends that you do not modify this file. This
#    file is updated automatically by the Quartus Prime software
#    and any changes you make may be lost or overwritten.
#
# -------------------------------------------------------------------------- #


set_global_assignment -name FAMILY "Cyclone IV GX"
set_global_assignment -name DEVICE EP4CGX150DF27I7
set_global_assignment -name TOP_LEVEL_ENTITY JopSdramTop
set_global_assignment -name ORIGINAL_QUARTUS_VERSION 25.1STD.0
set_global_assignment -name PROJECT_CREATION_TIME_DATE "10:28:38  AUGUST 24, 2026"
set_global_assignment -name LAST_QUARTUS_VERSION "25.1std.0 Lite Edition"
set_global_assignment -name PROJECT_OUTPUT_DIRECTORY output_files
set_global_assignment -name ENABLE_OCT_DONE OFF
set_global_assignment -name ENABLE_CONFIGURATION_PINS OFF
set_global_assignment -name ENABLE_BOOT_SEL_PIN OFF
set_global_assignment -name USE_CONFIGURATION_DEVICE OFF
set_global_assignment -name ACTIVE_SERIAL_CLOCK FREQ_40MHZ
set_global_assignment -name ENABLE_SIGNALTAP OFF
set_global_assignment -name OUTPUT_IO_TIMING_NEAR_END_VMEAS "HALF VCCIO" -rise
set_global_assignment -name OUTPUT_IO_TIMING_NEAR_END_VMEAS "HALF VCCIO" -fall
set_global_assignment -name OUTPUT_IO_TIMING_FAR_END_VMEAS "HALF SIGNAL SWING" -rise
set_global_assignment -name OUTPUT_IO_TIMING_FAR_END_VMEAS "HALF SIGNAL SWING" -fall
set_global_assignment -name VERILOG_FILE ../../spinalhdl/generated/JopSdramTop.v
set_global_assignment -name VHDL_FILE generated/dram_pll.vhd
set_global_assignment -name VERILOG_FILE ../ip/altera_sdram_tri_controller/altera_sdram_tri_controller.v
set_global_assignment -name VERILOG_FILE ../ip/altera_sdram_tri_controller/efifo_module.v
set_global_assignment -name VHDL_FILE ../ip/altera_lpm/arom.vhd
set_global_assignment -name VHDL_FILE ../ip/altera_lpm/aram.vhd
set_global_assignment -name SDC_FILE generated/jop_sdram.sdc
set_location_assignment PIN_B14 -to clk_in
set_location_assignment PIN_E22 -to sdram_clk
set_location_assignment PIN_A25 -to led[0]
set_location_assignment PIN_A24 -to led[1]
set_location_assignment PIN_AD14 -to led[2]
set_location_assignment PIN_AC14 -to led[3]
set_location_assignment PIN_AD15 -to led[4]
set_location_assignment PIN_AC15 -to led[5]
set_location_assignment PIN_AE15 -to led[6]
set_location_assignment PIN_E26 -to sdram_DQ[7]
set_location_assignment PIN_M25 -to sdram_ADDR[2]
set_location_assignment PIN_M24 -to sdram_ADDR[8]
set_location_assignment PIN_D24 -to sdram_DQ[14]
set_location_assignment PIN_C24 -to sdram_DQ[15]
set_location_assignment PIN_C26 -to sdram_DQ[3]
set_location_assignment PIN_L24 -to sdram_ADDR[11]
set_location_assignment PIN_N22 -to sdram_ADDR[4]
set_location_assignment PIN_F26 -to sdram_DQM[0]
set_location_assignment PIN_M22 -to sdram_ADDR[7]
set_location_assignment PIN_H24 -to sdram_DQM[1]
set_location_assignment PIN_F24 -to sdram_DQ[11]
set_location_assignment PIN_G25 -to sdram_WEn
set_location_assignment PIN_E24 -to sdram_DQ[13]
set_location_assignment PIN_H23 -to sdram_DQ[8]
set_location_assignment PIN_D25 -to sdram_DQ[4]
set_location_assignment PIN_C25 -to sdram_DQ[2]
set_location_assignment PIN_H26 -to sdram_CSn
set_location_assignment PIN_G22 -to sdram_DQ[10]
set_location_assignment PIN_J25 -to sdram_BA[0]
set_location_assignment PIN_K24 -to sdram_CKE
set_location_assignment PIN_J26 -to sdram_BA[1]
set_location_assignment PIN_B26 -to sdram_DQ[1]
set_location_assignment PIN_D26 -to sdram_DQ[5]
set_location_assignment PIN_L23 -to sdram_ADDR[9]
set_location_assignment PIN_K23 -to sdram_ADDR[12]
set_location_assignment PIN_L26 -to sdram_ADDR[1]
set_location_assignment PIN_G26 -to sdram_CASn
set_location_assignment PIN_G24 -to sdram_DQ[9]
set_location_assignment PIN_N23 -to sdram_ADDR[5]
set_location_assignment PIN_K26 -to sdram_ADDR[10]
set_location_assignment PIN_N24 -to sdram_ADDR[6]
set_location_assignment PIN_F23 -to sdram_DQ[12]
set_location_assignment PIN_B25 -to sdram_DQ[0]
set_location_assignment PIN_E25 -to sdram_DQ[6]
set_location_assignment PIN_H25 -to sdram_RASn
set_location_assignment PIN_L25 -to sdram_ADDR[0]
set_location_assignment PIN_M26 -to sdram_ADDR[3]
set_location_assignment PIN_AD20 -to ser_txd
set_location_assignment PIN_AE21 -to ser_rxd
set_location_assignment PIN_AD24 -to reset_n